
Microsoft Visual Studio Solution File, Format Version 12.00
Project("{FAE04EC0-301F-11D3-BF4B-00C04F79EFBC}") = "Nodes", "Nodes\Nodes.csproj", "{A7883CD0-FC86-4F3A-B06E-5D227761371F}"
EndProject
Global
	GlobalSection(SolutionConfigurationPlatforms) = preSolution
		Debug|Any CPU = Debug|Any CPU
		Release|Any CPU = Release|Any CPU
	EndGlobalSection
	GlobalSection(ProjectConfigurationPlatforms) = postSolution
		{A7883CD0-FC86-4F3A-B06E-5D227761371F}.Debug|Any CPU.ActiveCfg = Debug|Any CPU
		{A7883CD0-FC86-4F3A-B06E-5D227761371F}.Debug|Any CPU.Build.0 = Debug|Any CPU
		{A7883CD0-FC86-4F3A-B06E-5D227761371F}.Release|Any CPU.ActiveCfg = Release|Any CPU
		{A7883CD0-FC86-4F3A-B06E-5D227761371F}.Release|Any CPU.Build.0 = Release|Any CPU
	EndGlobalSection
EndGlobal
